[[package]]
category = "main"
description = "Python KISS Module."
name = "kissfix"
optional = false
python-versions = "*"
version = "7.0.4"

[package.dependencies]
pyserial = ">=3.4"

[[package]]
category = "main"
description = "Bindings for PortAudio v19, the cross-platform audio input/output stream library."
name = "pyaudio"
optional = false
python-versions = "*"
version = "0.2.11"

[[package]]
category = "main"
description = "Python Serial Port Extension"
name = "pyserial"
optional = false
python-versions = "*"
version = "3.4"

[metadata]
content-hash = "2182df3da5339c39203fc60a8a59d1a7d56c2b67a6bd1bfe995f6852485bfbf9"
python-versions = "^3.7"

[metadata.files]
kissfix = [
    {file = "kissfix-7.0.4-py3-none-any.whl", hash = "sha256:d081df3d37cb484f0f5e0fedeb47f109a8d451747c7bb4fdd33f7bb314a0a099"},
    {file = "kissfix-7.0.4.tar.gz", hash = "sha256:c5a460f895f56966a6e06478d2a8e04a1868942e6724eaf6bc0dac34c1e627f0"},
]
pyaudio = [
    {file = "PyAudio-0.2.11-cp27-cp27m-win32.whl", hash = "sha256:f78d543a98b730e64621ebf7f3e2868a79ade0a373882ef51c0293455ffa8e6e"},
    {file = "PyAudio-0.2.11-cp27-cp27m-win_amd64.whl", hash = "sha256:259bb9c1363be895b4f9a97e320a6017dd06bc540728c1a04eb4a7b6fe75035b"},
    {file = "PyAudio-0.2.11-cp34-cp34m-win32.whl", hash = "sha256:0d92f6a294565260a282f7c9a0b0d309fc8cc988b5ee5b50645634ab9e2da7f7"},
    {file = "PyAudio-0.2.11-cp34-cp34m-win_amd64.whl", hash = "sha256:589bfad2c615dd4b5d3757e763019c42ab82f06fba5cae64ec02fd7f5ae407ed"},
    {file = "PyAudio-0.2.11-cp35-cp35m-win32.whl", hash = "sha256:8f89075b4844ea94dde0c951c2937581c989fabd4df09bfd3f075035f50955df"},
    {file = "PyAudio-0.2.11-cp35-cp35m-win_amd64.whl", hash = "sha256:cf1543ba50bd44ac0d0ab5c035bb9c3127eb76047ff12235149d9adf86f532b6"},
    {file = "PyAudio-0.2.11-cp36-cp36m-win32.whl", hash = "sha256:51b558d1b28c68437b53218279110db44f69f3f5dd3d81859f569a4a96962bdc"},
    {file = "PyAudio-0.2.11-cp36-cp36m-win_amd64.whl", hash = "sha256:2a19bdb8ec1445b4f3e4b7b109e0e4cec1fd1f1ce588592aeb6db0b58d4fb3b0"},
    {file = "PyAudio-0.2.11.tar.gz", hash = "sha256:93bfde30e0b64e63a46f2fd77e85c41fd51182a4a3413d9edfaf9ffaa26efb74"},
]
pyserial = [
    {file = "pyserial-3.4-py2.py3-none-any.whl", hash = "sha256:e0770fadba80c31013896c7e6ef703f72e7834965954a78e71a3049488d4d7d8"},
    {file = "pyserial-3.4.tar.gz", hash = "sha256:6e2d401fdee0eab996cf734e67773a0143b932772ca8b42451440cfed942c627"},
]
